
Microsoft Visual Studio Solution File, Format Version 12.00
# Visual Studio 14
VisualStudioVersion = 14.0.25420.1
MinimumVisualStudioVersion = 10.0.40219.1
Project("{FAE04EC0-301F-11D3-BF4B-00C04F79EFBC}") = "Bermuda", "Bermuda\Bermuda.csproj", "{19F86BFD-D350-4E90-A701-2B28414911BC}"
EndProject
Project("{FAE04EC0-301F-11D3-BF4B-00C04F79EFBC}") = "Tasks", "Task\Tasks.csproj", "{1413D532-11D7-43BE-B45E-A942BAEFCCBA}"
EndProject
Project("{FAE04EC0-301F-11D3-BF4B-00C04F79EFBC}") = "GoogleMusicApi.UWP", "GoogleMusicApi.UWP\GoogleMusicApi.UWP.csproj", "{387F13AE-D8EA-4476-9FD7-49B03A7EE335}"
EndProject
Global
	GlobalSection(SolutionConfigurationPlatforms) = preSolution
		Debug|Any CPU = Debug|Any CPU
		Debug|ARM = Debug|ARM
		Debug|x64 = Debug|x64
		Debug|x86 = Debug|x86
		Release|Any CPU = Release|Any CPU
		Release|ARM = Release|ARM
		Release|x64 = Release|x64
		Release|x86 = Release|x86
	EndGlobalSection
	GlobalSection(ProjectConfigurationPlatforms) = postSolution
		{19F86BFD-D350-4E90-A701-2B28414911BC}.Debug|Any CPU.ActiveCfg = Debug|x86
		{19F86BFD-D350-4E90-A701-2B28414911BC}.Debug|Any CPU.Build.0 = Debug|x86
		{19F86BFD-D350-4E90-A701-2B28414911BC}.Debug|Any CPU.Deploy.0 = Debug|x86
		{19F86BFD-D350-4E90-A701-2B28414911BC}.Debug|ARM.ActiveCfg = Debug|ARM
		{19F86BFD-D350-4E90-A701-2B28414911BC}.Debug|ARM.Build.0 = Debug|ARM
		{19F86BFD-D350-4E90-A701-2B28414911BC}.Debug|ARM.Deploy.0 = Debug|ARM
		{19F86BFD-D350-4E90-A701-2B28414911BC}.Debug|x64.ActiveCfg = Debug|x64
		{19F86BFD-D350-4E90-A701-2B28414911BC}.Debug|x64.Build.0 = Debug|x64
		{19F86BFD-D350-4E90-A701-2B28414911BC}.Debug|x64.Deploy.0 = Debug|x64
		{19F86BFD-D350-4E90-A701-2B28414911BC}.Debug|x86.ActiveCfg = Debug|x86
		{19F86BFD-D350-4E90-A701-2B28414911BC}.Debug|x86.Build.0 = Debug|x86
		{19F86BFD-D350-4E90-A701-2B28414911BC}.Debug|x86.Deploy.0 = Debug|x86
		{19F86BFD-D350-4E90-A701-2B28414911BC}.Release|Any CPU.ActiveCfg = Release|x86
		{19F86BFD-D350-4E90-A701-2B28414911BC}.Release|ARM.ActiveCfg = Release|ARM
		{19F86BFD-D350-4E90-A701-2B28414911BC}.Release|ARM.Build.0 = Release|ARM
		{19F86BFD-D350-4E90-A701-2B28414911BC}.Release|ARM.Deploy.0 = Release|ARM
		{19F86BFD-D350-4E90-A701-2B28414911BC}.Release|x64.ActiveCfg = Release|x64
		{19F86BFD-D350-4E90-A701-2B28414911BC}.Release|x64.Build.0 = Release|x64
		{19F86BFD-D350-4E90-A701-2B28414911BC}.Release|x64.Deploy.0 = Release|x64
		{19F86BFD-D350-4E90-A701-2B28414911BC}.Release|x86.ActiveCfg = Release|x86
		{19F86BFD-D350-4E90-A701-2B28414911BC}.Release|x86.Build.0 = Release|x86
		{19F86BFD-D350-4E90-A701-2B28414911BC}.Release|x86.Deploy.0 = Release|x86
		{1413D532-11D7-43BE-B45E-A942BAEFCCBA}.Debug|Any CPU.ActiveCfg = Debug|Any CPU
		{1413D532-11D7-43BE-B45E-A942BAEFCCBA}.Debug|Any CPU.Build.0 = Debug|Any CPU
		{1413D532-11D7-43BE-B45E-A942BAEFCCBA}.Debug|ARM.ActiveCfg = Debug|ARM
		{1413D532-11D7-43BE-B45E-A942BAEFCCBA}.Debug|ARM.Build.0 = Debug|ARM
		{1413D532-11D7-43BE-B45E-A942BAEFCCBA}.Debug|x64.ActiveCfg = Debug|x64
		{1413D532-11D7-43BE-B45E-A942BAEFCCBA}.Debug|x64.Build.0 = Debug|x64
		{1413D532-11D7-43BE-B45E-A942BAEFCCBA}.Debug|x86.ActiveCfg = Debug|x86
		{1413D532-11D7-43BE-B45E-A942BAEFCCBA}.Debug|x86.Build.0 = Debug|x86
		{1413D532-11D7-43BE-B45E-A942BAEFCCBA}.Release|Any CPU.ActiveCfg = Release|Any CPU
		{1413D532-11D7-43BE-B45E-A942BAEFCCBA}.Release|Any CPU.Build.0 = Release|Any CPU
		{1413D532-11D7-43BE-B45E-A942BAEFCCBA}.Release|ARM.ActiveCfg = Release|ARM
		{1413D532-11D7-43BE-B45E-A942BAEFCCBA}.Release|ARM.Build.0 = Release|ARM
		{1413D532-11D7-43BE-B45E-A942BAEFCCBA}.Release|x64.ActiveCfg = Release|x64
		{1413D532-11D7-43BE-B45E-A942BAEFCCBA}.Release|x64.Build.0 = Release|x64
		{1413D532-11D7-43BE-B45E-A942BAEFCCBA}.Release|x86.ActiveCfg = Release|x86
		{1413D532-11D7-43BE-B45E-A942BAEFCCBA}.Release|x86.Build.0 = Release|x86
		{387F13AE-D8EA-4476-9FD7-49B03A7EE335}.Debug|Any CPU.ActiveCfg = Debug|Any CPU
		{387F13AE-D8EA-4476-9FD7-49B03A7EE335}.Debug|Any CPU.Build.0 = Debug|Any CPU
		{387F13AE-D8EA-4476-9FD7-49B03A7EE335}.Debug|ARM.ActiveCfg = Debug|ARM
		{387F13AE-D8EA-4476-9FD7-49B03A7EE335}.Debug|ARM.Build.0 = Debug|ARM
		{387F13AE-D8EA-4476-9FD7-49B03A7EE335}.Debug|x64.ActiveCfg = Debug|x64
		{387F13AE-D8EA-4476-9FD7-49B03A7EE335}.Debug|x64.Build.0 = Debug|x64
		{387F13AE-D8EA-4476-9FD7-49B03A7EE335}.Debug|x86.ActiveCfg = Debug|x86
		{387F13AE-D8EA-4476-9FD7-49B03A7EE335}.Debug|x86.Build.0 = Debug|x86
		{387F13AE-D8EA-4476-9FD7-49B03A7EE335}.Release|Any CPU.ActiveCfg = Release|Any CPU
		{387F13AE-D8EA-4476-9FD7-49B03A7EE335}.Release|Any CPU.Build.0 = Release|Any CPU
		{387F13AE-D8EA-4476-9FD7-49B03A7EE335}.Release|ARM.ActiveCfg = Release|ARM
		{387F13AE-D8EA-4476-9FD7-49B03A7EE335}.Release|ARM.Build.0 = Release|ARM
		{387F13AE-D8EA-4476-9FD7-49B03A7EE335}.Release|x64.ActiveCfg = Release|x64
		{387F13AE-D8EA-4476-9FD7-49B03A7EE335}.Release|x64.Build.0 = Release|x64
		{387F13AE-D8EA-4476-9FD7-49B03A7EE335}.Release|x86.ActiveCfg = Release|x86
		{387F13AE-D8EA-4476-9FD7-49B03A7EE335}.Release|x86.Build.0 = Release|x86
	EndGlobalSection
	GlobalSection(SolutionProperties) = preSolution
		HideSolutionNode = FALSE
	EndGlobalSection
EndGlobal
